
Microsoft Visual Studio Solution File, Format Version 12.00
# Visual Studio Version 16
VisualStudioVersion = 16.0.29709.97
MinimumVisualStudioVersion = 10.0.40219.1
Project("{FAE04EC0-301F-11D3-BF4B-00C04F79EFBC}") = "SampleFunctionAppNew", "SampleFunctionAppNew\SampleFunctionAppNew.csproj", "{D77C777D-EDEA-4C01-9F49-4FD6BE6C04FA}"
EndProject
Global
	GlobalSection(SolutionConfigurationPlatforms) = preSolution
		Debug|Any CPU = Debug|Any CPU
		Release|Any CPU = Release|Any CPU
	EndGlobalSection
	GlobalSection(ProjectConfigurationPlatforms) = postSolution
		{D77C777D-EDEA-4C01-9F49-4FD6BE6C04FA}.Debug|Any CPU.ActiveCfg = Debug|Any CPU
		{D77C777D-EDEA-4C01-9F49-4FD6BE6C04FA}.Debug|Any CPU.Build.0 = Debug|Any CPU
		{D77C777D-EDEA-4C01-9F49-4FD6BE6C04FA}.Release|Any CPU.ActiveCfg = Release|Any CPU
		{D77C777D-EDEA-4C01-9F49-4FD6BE6C04FA}.Release|Any CPU.Build.0 = Release|Any CPU
	EndGlobalSection
	GlobalSection(SolutionProperties) = preSolution
		HideSolutionNode = FALSE
	EndGlobalSection
	GlobalSection(ExtensibilityGlobals) = postSolution
		SolutionGuid = {06F1CDFD-DBC4-4BBC-9A9A-47F379D0EB24}
	EndGlobalSection
EndGlobal
