
Microsoft Visual Studio Solution File, Format Version 12.00
# Visual Studio Version 16
VisualStudioVersion = 16.0.29709.97
MinimumVisualStudioVersion = 10.0.40219.1
Project("{FAE04EC0-301F-11D3-BF4B-00C04F79EFBC}") = "WebhookFunctionApp2", "WebhookFunctionApp2\WebhookFunctionApp2.csproj", "{75707FF8-0B3B-4C63-90B1-A6BBC1FD155A}"
EndProject
Project("{2150E333-8FDC-42A3-9474-1A3956D46DE8}") = "Models", "Models", "{7B3FFAEF-8E11-4C1E-8291-95D8646FDB83}"
	ProjectSection(SolutionItems) = preProject
		UpdateWebhookMessage.cs = UpdateWebhookMessage.cs
	EndProjectSection
EndProject
Project("{2150E333-8FDC-42A3-9474-1A3956D46DE8}") = "Helper", "Helper", "{820E7CD2-957B-4674-A73B-FCEC91EE368A}"
	ProjectSection(SolutionItems) = preProject
		QueryStringHelper.cs = QueryStringHelper.cs
	EndProjectSection
EndProject
Global
	GlobalSection(SolutionConfigurationPlatforms) = preSolution
		Debug|Any CPU = Debug|Any CPU
		Release|Any CPU = Release|Any CPU
	EndGlobalSection
	GlobalSection(ProjectConfigurationPlatforms) = postSolution
		{75707FF8-0B3B-4C63-90B1-A6BBC1FD155A}.Debug|Any CPU.ActiveCfg = Debug|Any CPU
		{75707FF8-0B3B-4C63-90B1-A6BBC1FD155A}.Debug|Any CPU.Build.0 = Debug|Any CPU
		{75707FF8-0B3B-4C63-90B1-A6BBC1FD155A}.Release|Any CPU.ActiveCfg = Release|Any CPU
		{75707FF8-0B3B-4C63-90B1-A6BBC1FD155A}.Release|Any CPU.Build.0 = Release|Any CPU
	EndGlobalSection
	GlobalSection(SolutionProperties) = preSolution
		HideSolutionNode = FALSE
	EndGlobalSection
	GlobalSection(ExtensibilityGlobals) = postSolution
		SolutionGuid = {E3B54B3F-9FB0-4A81-AEFC-B4D1F56E1A98}
	EndGlobalSection
EndGlobal
